
Microsoft Visual Studio Solution File, Format Version 12.00
Project("{FAE04EC0-301F-11D3-BF4B-00C04F79EFBC}") = "Host", "Host\Host.csproj", "{30502370-43A9-4ACB-A4FD-D0B0A1126E55}"
EndProject
Project("{2150E333-8FDC-42A3-9474-1A3956D46DE8}") = "Src", "Src", "{B8BD84BF-1E27-4844-8A11-32F2C01198F4}"
EndProject
Project("{FAE04EC0-301F-11D3-BF4B-00C04F79EFBC}") = "Domain", "Domain\Domain.csproj", "{33F2CDDA-A27F-4AB1-9AF5-F40070976500}"
EndProject
Project("{FAE04EC0-301F-11D3-BF4B-00C04F79EFBC}") = "Data", "Data\Data.csproj", "{DD9F2AB7-7253-477D-B5A5-71F4B6893E0C}"
EndProject
Project("{FAE04EC0-301F-11D3-BF4B-00C04F79EFBC}") = "Web", "Web\Web.csproj", "{947DDB03-E1A0-4DA1-AAB6-481D46366CBF}"
EndProject
Project("{FAE04EC0-301F-11D3-BF4B-00C04F79EFBC}") = "Application", "Application\Application.csproj", "{662D75A3-FC3B-453C-8ECA-EEDDF9EF28EB}"
EndProject
Project("{FAE04EC0-301F-11D3-BF4B-00C04F79EFBC}") = "Client", "Client\Client.csproj", "{FFC1A301-E9D0-4E72-954A-7F98CCEE60FB}"
EndProject
Project("{FAE04EC0-301F-11D3-BF4B-00C04F79EFBC}") = "Contracts", "Contracts\Contracts.csproj", "{85CB976F-7EED-4EAC-859A-E3C868F2EB6F}"
EndProject
Project("{2150E333-8FDC-42A3-9474-1A3956D46DE8}") = "Test", "Test", "{CB296DBC-1EFD-424F-848D-8589919E1E22}"
EndProject
Project("{FAE04EC0-301F-11D3-BF4B-00C04F79EFBC}") = "IntegrationsTest", "IntegrationsTest\IntegrationsTest.csproj", "{FF9AFE43-8988-4370-8040-3AD18ABCAA5E}"
EndProject
Project("{FAE04EC0-301F-11D3-BF4B-00C04F79EFBC}") = "TestsCommon", "TestsCommon\TestsCommon.csproj", "{9005C4D5-7020-417D-A85B-B3DFE63EB538}"
EndProject
Project("{FAE04EC0-301F-11D3-BF4B-00C04F79EFBC}") = "UnitTests", "UnitTests\UnitTests.csproj", "{A2A17E87-C2FC-4ADF-AFE3-20D77FDECFC0}"
EndProject
Global
	GlobalSection(SolutionConfigurationPlatforms) = preSolution
		Debug|Any CPU = Debug|Any CPU
		Release|Any CPU = Release|Any CPU
	EndGlobalSection
	GlobalSection(ProjectConfigurationPlatforms) = postSolution
		{30502370-43A9-4ACB-A4FD-D0B0A1126E55}.Debug|Any CPU.ActiveCfg = Debug|Any CPU
		{30502370-43A9-4ACB-A4FD-D0B0A1126E55}.Debug|Any CPU.Build.0 = Debug|Any CPU
		{30502370-43A9-4ACB-A4FD-D0B0A1126E55}.Release|Any CPU.ActiveCfg = Release|Any CPU
		{30502370-43A9-4ACB-A4FD-D0B0A1126E55}.Release|Any CPU.Build.0 = Release|Any CPU
		{33F2CDDA-A27F-4AB1-9AF5-F40070976500}.Debug|Any CPU.ActiveCfg = Debug|Any CPU
		{33F2CDDA-A27F-4AB1-9AF5-F40070976500}.Debug|Any CPU.Build.0 = Debug|Any CPU
		{33F2CDDA-A27F-4AB1-9AF5-F40070976500}.Release|Any CPU.ActiveCfg = Release|Any CPU
		{33F2CDDA-A27F-4AB1-9AF5-F40070976500}.Release|Any CPU.Build.0 = Release|Any CPU
		{DD9F2AB7-7253-477D-B5A5-71F4B6893E0C}.Debug|Any CPU.ActiveCfg = Debug|Any CPU
		{DD9F2AB7-7253-477D-B5A5-71F4B6893E0C}.Debug|Any CPU.Build.0 = Debug|Any CPU
		{DD9F2AB7-7253-477D-B5A5-71F4B6893E0C}.Release|Any CPU.ActiveCfg = Release|Any CPU
		{DD9F2AB7-7253-477D-B5A5-71F4B6893E0C}.Release|Any CPU.Build.0 = Release|Any CPU
		{947DDB03-E1A0-4DA1-AAB6-481D46366CBF}.Debug|Any CPU.ActiveCfg = Debug|Any CPU
		{947DDB03-E1A0-4DA1-AAB6-481D46366CBF}.Debug|Any CPU.Build.0 = Debug|Any CPU
		{947DDB03-E1A0-4DA1-AAB6-481D46366CBF}.Release|Any CPU.ActiveCfg = Release|Any CPU
		{947DDB03-E1A0-4DA1-AAB6-481D46366CBF}.Release|Any CPU.Build.0 = Release|Any CPU
		{662D75A3-FC3B-453C-8ECA-EEDDF9EF28EB}.Debug|Any CPU.ActiveCfg = Debug|Any CPU
		{662D75A3-FC3B-453C-8ECA-EEDDF9EF28EB}.Debug|Any CPU.Build.0 = Debug|Any CPU
		{662D75A3-FC3B-453C-8ECA-EEDDF9EF28EB}.Release|Any CPU.ActiveCfg = Release|Any CPU
		{662D75A3-FC3B-453C-8ECA-EEDDF9EF28EB}.Release|Any CPU.Build.0 = Release|Any CPU
		{FFC1A301-E9D0-4E72-954A-7F98CCEE60FB}.Debug|Any CPU.ActiveCfg = Debug|Any CPU
		{FFC1A301-E9D0-4E72-954A-7F98CCEE60FB}.Debug|Any CPU.Build.0 = Debug|Any CPU
		{FFC1A301-E9D0-4E72-954A-7F98CCEE60FB}.Release|Any CPU.ActiveCfg = Release|Any CPU
		{FFC1A301-E9D0-4E72-954A-7F98CCEE60FB}.Release|Any CPU.Build.0 = Release|Any CPU
		{85CB976F-7EED-4EAC-859A-E3C868F2EB6F}.Debug|Any CPU.ActiveCfg = Debug|Any CPU
		{85CB976F-7EED-4EAC-859A-E3C868F2EB6F}.Debug|Any CPU.Build.0 = Debug|Any CPU
		{85CB976F-7EED-4EAC-859A-E3C868F2EB6F}.Release|Any CPU.ActiveCfg = Release|Any CPU
		{85CB976F-7EED-4EAC-859A-E3C868F2EB6F}.Release|Any CPU.Build.0 = Release|Any CPU
		{FF9AFE43-8988-4370-8040-3AD18ABCAA5E}.Debug|Any CPU.ActiveCfg = Debug|Any CPU
		{FF9AFE43-8988-4370-8040-3AD18ABCAA5E}.Debug|Any CPU.Build.0 = Debug|Any CPU
		{FF9AFE43-8988-4370-8040-3AD18ABCAA5E}.Release|Any CPU.ActiveCfg = Release|Any CPU
		{FF9AFE43-8988-4370-8040-3AD18ABCAA5E}.Release|Any CPU.Build.0 = Release|Any CPU
		{9005C4D5-7020-417D-A85B-B3DFE63EB538}.Debug|Any CPU.ActiveCfg = Debug|Any CPU
		{9005C4D5-7020-417D-A85B-B3DFE63EB538}.Debug|Any CPU.Build.0 = Debug|Any CPU
		{9005C4D5-7020-417D-A85B-B3DFE63EB538}.Release|Any CPU.ActiveCfg = Release|Any CPU
		{9005C4D5-7020-417D-A85B-B3DFE63EB538}.Release|Any CPU.Build.0 = Release|Any CPU
		{A2A17E87-C2FC-4ADF-AFE3-20D77FDECFC0}.Debug|Any CPU.ActiveCfg = Debug|Any CPU
		{A2A17E87-C2FC-4ADF-AFE3-20D77FDECFC0}.Debug|Any CPU.Build.0 = Debug|Any CPU
		{A2A17E87-C2FC-4ADF-AFE3-20D77FDECFC0}.Release|Any CPU.ActiveCfg = Release|Any CPU
		{A2A17E87-C2FC-4ADF-AFE3-20D77FDECFC0}.Release|Any CPU.Build.0 = Release|Any CPU
	EndGlobalSection
	GlobalSection(NestedProjects) = preSolution
		{30502370-43A9-4ACB-A4FD-D0B0A1126E55} = {B8BD84BF-1E27-4844-8A11-32F2C01198F4}
		{33F2CDDA-A27F-4AB1-9AF5-F40070976500} = {B8BD84BF-1E27-4844-8A11-32F2C01198F4}
		{DD9F2AB7-7253-477D-B5A5-71F4B6893E0C} = {B8BD84BF-1E27-4844-8A11-32F2C01198F4}
		{947DDB03-E1A0-4DA1-AAB6-481D46366CBF} = {B8BD84BF-1E27-4844-8A11-32F2C01198F4}
		{662D75A3-FC3B-453C-8ECA-EEDDF9EF28EB} = {B8BD84BF-1E27-4844-8A11-32F2C01198F4}
		{FFC1A301-E9D0-4E72-954A-7F98CCEE60FB} = {B8BD84BF-1E27-4844-8A11-32F2C01198F4}
		{85CB976F-7EED-4EAC-859A-E3C868F2EB6F} = {B8BD84BF-1E27-4844-8A11-32F2C01198F4}
		{FF9AFE43-8988-4370-8040-3AD18ABCAA5E} = {CB296DBC-1EFD-424F-848D-8589919E1E22}
		{9005C4D5-7020-417D-A85B-B3DFE63EB538} = {CB296DBC-1EFD-424F-848D-8589919E1E22}
		{A2A17E87-C2FC-4ADF-AFE3-20D77FDECFC0} = {CB296DBC-1EFD-424F-848D-8589919E1E22}
	EndGlobalSection
EndGlobal
